<?xml version="1.0" encoding="utf-8"?>
<Project ToolsVersion="4.0" xmlns="http://schemas.microsoft.com/developer/msbuild/2003">
  <ItemGroup>
    <Filter Include="Source Files">
      <UniqueIdentifier>{2441aee9-8b78-4746-97ac-b59fda27c063}</UniqueIdentifier>
      <Extensions>cpp;c;cxx;rc;def;r;odl;idl;hpj;bat</Extensions>
    </Filter>
    <Filter Include="Header Files">
      <UniqueIdentifier>{04aa6ad8-1944-4e74-9c6d-dbfa450efac5}</UniqueIdentifier>
      <Extensions>h;hpp;hxx;hm;inl</Extensions>
    </Filter>
    <Filter Include="Others">
      <UniqueIdentifier>{b59bc9e0-055b-4ab5-89bf-d04ddf2b16fb}</UniqueIdentifier>
    </Filter>
    <Filter Include="Shaders">
      <UniqueIdentifier>{6a916ef1-8fa6-4c68-97be-76a314484b09}</UniqueIdentifier>
    </Filter>
    <Filter Include="Resource Files">
      <UniqueIdentifier>{894309ab-a567-42ed-937c-228ac16c8c5b}</UniqueIdentifier>
      <Extensions>ico;cur;bmp;dlg;rc2;rct;bin;rgs;gif;jpg;jpeg;jpe</Extensions>
    </Filter>
    <Filter Include="Shaders\Shadows">
      <UniqueIdentifier>{f4555521-cffb-4f85-a1cb-25e354f2e782}</UniqueIdentifier>
    </Filter>
    <Filter Include="Shaders\light">
      <UniqueIdentifier>{e447bff0-4c86-4e3b-a76b-16f53f0afbda}</UniqueIdentifier>
    </Filter>
    <Filter Include="Shaders\AO">
      <UniqueIdentifier>{df200b1a-cf2d-49b5-9b92-187979da863c}</UniqueIdentifier>
    </Filter>
  </ItemGroup>
  <ItemGroup>
    <ClCompile Include="Source\boundingBox.cpp">
      <Filter>Source Files</Filter>
    </ClCompile>
    <ClCompile Include="Source\camera.cpp">
      <Filter>Source Files</Filter>
    </ClCompile>
    <ClCompile Include="Source\environmentObject.cpp">
      <Filter>Source Files</Filter>
    </ClCompile>
    <ClCompile Include="Source\extensions.cpp">
      <Filter>Source Files</Filter>
    </ClCompile>
    <ClCompile Include="Source\face.cpp">
      <Filter>Source Files</Filter>
    </ClCompile>
    <ClCompile Include="Source\faceGroup.cpp">
      <Filter>Source Files</Filter>
    </ClCompile>
    <ClCompile Include="Source\fileDialog.cpp">
      <Filter>Source Files</Filter>
    </ClCompile>
    <ClCompile Include="Source\frustum.cpp">
      <Filter>Source Files</Filter>
    </ClCompile>
    <ClCompile Include="Source\game.cpp">
      <Filter>Source Files</Filter>
    </ClCompile>
    <ClCompile Include="Source\inputManager.cpp">
      <Filter>Source Files</Filter>
    </ClCompile>
    <ClCompile Include="Source\logging.cpp">
      <Filter>Source Files</Filter>
    </ClCompile>
    <ClCompile Include="Source\main.cpp">
      <Filter>Source Files</Filter>
    </ClCompile>
    <ClCompile Include="Source\object.cpp">
      <Filter>Source Files</Filter>
    </ClCompile>
    <ClCompile Include="Source\physics.cpp">
      <Filter>Source Files</Filter>
    </ClCompile>
    <ClCompile Include="Source\physicsObject.cpp">
      <Filter>Source Files</Filter>
    </ClCompile>
    <ClCompile Include="Source\plane.cpp">
      <Filter>Source Files</Filter>
    </ClCompile>
    <ClCompile Include="Source\player.cpp">
      <Filter>Source Files</Filter>
    </ClCompile>
    <ClCompile Include="Source\points.cpp">
      <Filter>Source Files</Filter>
    </ClCompile>
    <ClCompile Include="Source\shaderManager.cpp">
      <Filter>Source Files</Filter>
    </ClCompile>
    <ClCompile Include="Source\shaders.cpp">
      <Filter>Source Files</Filter>
    </ClCompile>
    <ClCompile Include="Source\sound.cpp">
      <Filter>Source Files</Filter>
    </ClCompile>
    <ClCompile Include="Source\terrain.cpp">
      <Filter>Source Files</Filter>
    </ClCompile>
    <ClCompile Include="Source\texture.cpp">
      <Filter>Source Files</Filter>
    </ClCompile>
    <ClCompile Include="Source\textureManager.cpp">
      <Filter>Source Files</Filter>
    </ClCompile>
    <ClCompile Include="Source\utilities.cpp">
      <Filter>Source Files</Filter>
    </ClCompile>
    <ClCompile Include="Source\world.cpp">
      <Filter>Source Files</Filter>
    </ClCompile>
    <ClCompile Include="Source\frameBuffers.cpp">
      <Filter>Source Files</Filter>
    </ClCompile>
    <ClCompile Include="Source\lightIndexedRendering.cpp">
      <Filter>Source Files</Filter>
    </ClCompile>
  </ItemGroup>
  <ItemGroup>
    <ClInclude Include="Source\ARB_SHADERS.h">
      <Filter>Header Files</Filter>
    </ClInclude>
    <ClInclude Include="Source\ARBvertexBufferObject.h">
      <Filter>Header Files</Filter>
    </ClInclude>
    <ClInclude Include="Source\boundingBox.h">
      <Filter>Header Files</Filter>
    </ClInclude>
    <ClInclude Include="Source\camera.h">
      <Filter>Header Files</Filter>
    </ClInclude>
    <ClInclude Include="Source\environmentObject.h">
      <Filter>Header Files</Filter>
    </ClInclude>
    <ClInclude Include="Source\extensions.h">
      <Filter>Header Files</Filter>
    </ClInclude>
    <ClInclude Include="Source\face.h">
      <Filter>Header Files</Filter>
    </ClInclude>
    <ClInclude Include="Source\faceGroup.h">
      <Filter>Header Files</Filter>
    </ClInclude>
    <ClInclude Include="Source\fileDialog.h">
      <Filter>Header Files</Filter>
    </ClInclude>
    <ClInclude Include="Source\frustum.h">
      <Filter>Header Files</Filter>
    </ClInclude>
    <ClInclude Include="Source\game.h">
      <Filter>Header Files</Filter>
    </ClInclude>
    <ClInclude Include="Source\inputManager.h">
      <Filter>Header Files</Filter>
    </ClInclude>
    <ClInclude Include="Source\logging.h">
      <Filter>Header Files</Filter>
    </ClInclude>
    <ClInclude Include="Source\object.h">
      <Filter>Header Files</Filter>
    </ClInclude>
    <ClInclude Include="Source\physics.h">
      <Filter>Header Files</Filter>
    </ClInclude>
    <ClInclude Include="Source\physicsObject.h">
      <Filter>Header Files</Filter>
    </ClInclude>
    <ClInclude Include="Source\plane.h">
      <Filter>Header Files</Filter>
    </ClInclude>
    <ClInclude Include="Source\player.h">
      <Filter>Header Files</Filter>
    </ClInclude>
    <ClInclude Include="Source\points.h">
      <Filter>Header Files</Filter>
    </ClInclude>
    <ClInclude Include="Source\shaderManager.h">
      <Filter>Header Files</Filter>
    </ClInclude>
    <ClInclude Include="Source\shaders.h">
      <Filter>Header Files</Filter>
    </ClInclude>
    <ClInclude Include="Source\sound.h">
      <Filter>Header Files</Filter>
    </ClInclude>
    <ClInclude Include="Source\terrain.h">
      <Filter>Header Files</Filter>
    </ClInclude>
    <ClInclude Include="Source\texture.h">
      <Filter>Header Files</Filter>
    </ClInclude>
    <ClInclude Include="Source\textureManager.h">
      <Filter>Header Files</Filter>
    </ClInclude>
    <ClInclude Include="Source\transformations.h">
      <Filter>Header Files</Filter>
    </ClInclude>
    <ClInclude Include="Source\utilities.h">
      <Filter>Header Files</Filter>
    </ClInclude>
    <ClInclude Include="Source\world.h">
      <Filter>Header Files</Filter>
    </ClInclude>
    <ClInclude Include="Source\frameBuffers.h">
      <Filter>Header Files</Filter>
    </ClInclude>
    <ClInclude Include="Source\lightData.h">
      <Filter>Header Files</Filter>
    </ClInclude>
    <ClInclude Include="Source\lightIndexedRendering.h">
      <Filter>Header Files</Filter>
    </ClInclude>
  </ItemGroup>
  <ItemGroup>
    <None Include="Source\includes.all">
      <Filter>Header Files</Filter>
    </None>
    <None Include="..\Worlds\castle4.wrl">
      <Filter>Others</Filter>
    </None>
    <None Include="log">
      <Filter>Others</Filter>
    </None>
    <None Include="..\Shaders\defaultLighting.frag">
      <Filter>Shaders</Filter>
    </None>
    <None Include="..\Shaders\defaultLighting.vert">
      <Filter>Shaders</Filter>
    </None>
    <None Include="..\Shaders\WilfLightingLibrary.all">
      <Filter>Shaders</Filter>
    </None>
    <None Include="..\Shaders\ShadowShaders\shadowDrawWhatLightSees.vert">
      <Filter>Shaders\Shadows</Filter>
    </None>
    <None Include="..\Shaders\ShadowShaders\shadowDrawWhatLightSees.frag">
      <Filter>Shaders\Shadows</Filter>
    </None>
    <None Include="..\Shaders\ShadowShaders\Extensions you might want to add to WilfLightingLibrary.all">
      <Filter>Shaders\Shadows</Filter>
    </None>
    <None Include="..\Shaders\ColoringShaders\decodeLightIndices.function">
      <Filter>Shaders\light</Filter>
    </None>
    <None Include="..\Shaders\ColoringShaders\defaultLighting.frag">
      <Filter>Shaders\light</Filter>
    </None>
    <None Include="..\Shaders\ColoringShaders\defaultLighting.vert">
      <Filter>Shaders\light</Filter>
    </None>
    <None Include="..\Shaders\ColoringShaders\drawLightFuzzBall.frag">
      <Filter>Shaders\light</Filter>
    </None>
    <None Include="..\Shaders\ColoringShaders\drawLightFuzzBall.vert">
      <Filter>Shaders\light</Filter>
    </None>
    <None Include="..\Shaders\ColoringShaders\drawLightModel.frag">
      <Filter>Shaders\light</Filter>
    </None>
    <None Include="..\Shaders\ColoringShaders\drawLightModel.vert">
      <Filter>Shaders\light</Filter>
    </None>
    <None Include="..\Shaders\ColoringShaders\drawPositionAndZPrepass.frag">
      <Filter>Shaders\light</Filter>
    </None>
    <None Include="..\Shaders\ColoringShaders\drawPositionAndZPrepass.vert">
      <Filter>Shaders\light</Filter>
    </None>
    <None Include="..\Shaders\ColoringShaders\drawWorldWithAllLights - Trebilco Version.frag">
      <Filter>Shaders\light</Filter>
    </None>
    <None Include="..\Shaders\ColoringShaders\drawWorldWithAllLights - Trebilco Version.vert">
      <Filter>Shaders\light</Filter>
    </None>
    <None Include="..\Shaders\ColoringShaders\drawWorldWithAllLights.frag">
      <Filter>Shaders\light</Filter>
    </None>
    <None Include="..\Shaders\ColoringShaders\drawWorldWithAllLights.vert">
      <Filter>Shaders\light</Filter>
    </None>
    <None Include="..\Shaders\ColoringShaders\drawZPrepass.frag">
      <Filter>Shaders\light</Filter>
    </None>
    <None Include="..\Shaders\ColoringShaders\drawZPrepass.vert">
      <Filter>Shaders\light</Filter>
    </None>
    <None Include="..\Shaders\ColoringShaders\encodeLightIndex.function">
      <Filter>Shaders\light</Filter>
    </None>
    <None Include="..\Shaders\ColoringShaders\verifyLightIndex.frag">
      <Filter>Shaders\light</Filter>
    </None>
    <None Include="..\Shaders\ColoringShaders\verifyLightIndex.vert">
      <Filter>Shaders\light</Filter>
    </None>
    <None Include="..\Shaders\ColoringShaders\WilfLightIndexDrawingLibrary.all">
      <Filter>Shaders\light</Filter>
    </None>
    <None Include="..\Shaders\ColoringShaders\WilfLightingLibrary.all">
      <Filter>Shaders\light</Filter>
    </None>
    <None Include="..\Shaders\hpcv-water-tile.frag">
      <Filter>Shaders</Filter>
    </None>
    <None Include="..\Shaders\hpcv-water-tile.vert">
      <Filter>Shaders</Filter>
    </None>
    <None Include="..\Shaders\wilf-lalonde-water-tile.frag">
      <Filter>Shaders</Filter>
    </None>
    <None Include="..\Shaders\AOshaders\buildMRTTextures.frag">
      <Filter>Shaders\AO</Filter>
    </None>
    <None Include="..\Shaders\AOshaders\buildMRTTextures.vert">
      <Filter>Shaders\AO</Filter>
    </None>
    <None Include="..\Shaders\AOshaders\downsample.frag">
      <Filter>Shaders\AO</Filter>
    </None>
    <None Include="..\Shaders\AOshaders\downsample.VERT">
      <Filter>Shaders\AO</Filter>
    </None>
    <None Include="..\Shaders\AOshaders\sharpen.frag">
      <Filter>Shaders\AO</Filter>
    </None>
    <None Include="..\Shaders\AOshaders\sharpen.VERT">
      <Filter>Shaders\AO</Filter>
    </None>
    <None Include="..\Shaders\AOshaders\upsample.frag">
      <Filter>Shaders\AO</Filter>
    </None>
    <None Include="..\Shaders\AOshaders\upsample.VERT">
      <Filter>Shaders\AO</Filter>
    </None>
    <None Include="..\Shaders\AOshaders\WilfAmbientOcclusionLibrary.all">
      <Filter>Shaders\AO</Filter>
    </None>
  </ItemGroup>
</Project>